# THIS IS AN AUTOGENERATED FILE. DO NOT EDIT THIS FILE DIRECTLY.
# yarn lockfile v1


windicss@3.4.2:
  version "3.4.2"
  resolved "https://registry.yarnpkg.com/windicss/-/windicss-3.4.2.tgz#257795c9be8b6e93117ffa3fb27874d225da6679"
  integrity sha512-YieqWaXiwPu0JJoB7z03RXdjZjQQJtMZAeXUXu/j3JXSMhIgV/2rUXu4Q7QrworRlbaASZlFhxjnL/78aAty+Q==
